uuid: 32a6e898-5d6a-4976-829a-2d75b5ae4562
langcode: fr
status: true
dependencies:
  module:
    - system
active_version: 46b54c9f22809cab
versioned_properties:
  active:
    settings:
      default_settings:
        id: system_branding_block
        label: 'Identité du site'
        label_display: '0'
        provider: system
        use_site_logo: true
        use_site_name: true
        use_site_slogan: true
    fallback_metadata:
      slot_definitions: null
label: 'Identité du site'
id: block.system_branding_block
provider: system
source: block
source_local_id: system_branding_block
