uuid: b472b3e0-9a19-40f2-8909-424f66bf49d4
langcode: fr
status: false
dependencies:
  module:
    - help
active_version: af8568475f7526ac
versioned_properties:
  active:
    settings:
      default_settings:
        id: help_block
        label: Help
        label_display: '0'
        provider: help
    fallback_metadata:
      slot_definitions: null
label: Help
id: block.help_block
provider: help
source: block
source_local_id: help_block
