uuid: dee8da68-8b95-4142-9f8d-2ac1f7f987c8
langcode: fr
status: false
dependencies: {  }
active_version: 7ce7ad8e227e5892
versioned_properties:
  active:
    settings:
      default_settings:
        id: local_actions_block
        label: 'Primary admin actions'
        label_display: '0'
        provider: core
    fallback_metadata:
      slot_definitions: null
label: 'Primary admin actions'
id: block.local_actions_block
provider: core
source: block
source_local_id: local_actions_block
