uuid: e131d0f0-8900-45a3-8792-096c77c8ba9b
langcode: fr
status: false
dependencies:
  module:
    - help
active_version: 447761d5e173d4a3
versioned_properties:
  active:
    settings:
      default_settings:
        id: help_block
        label: Aide
        label_display: '0'
        provider: help
    fallback_metadata:
      slot_definitions: null
label: Aide
id: block.help_block
provider: help
source: block
source_local_id: help_block
